// !$*UTF8*$!
{
	archiveVersion = 1;
	classes = {
	};
	objectVersion = 50;
	objects = {

/* Begin PBXBuildFile section */
		350972A022F9673E00ECDFBC /* NSError+LFDataMigrater.m in Sources */ = {isa = PBXBuildFile; fileRef = 3509729F22F9673E00ECDFBC /* NSError+LFDataMigrater.m */; };
		351A727B22F1964A0021385F /* AppDelegate.m in Sources */ = {isa = PBXBuildFile; fileRef = 351A727A22F1964A0021385F /* AppDelegate.m */; };
		351A727E22F1964A0021385F /* SceneDelegate.m in Sources */ = {isa = PBXBuildFile; fileRef = 351A727D22F1964A0021385F /* SceneDelegate.m */; };
		351A728622F1964C0021385F /* Assets.xcassets in Resources */ = {isa = PBXBuildFile; fileRef = 351A728522F1964C0021385F /* Assets.xcassets */; };
		351A728922F1964C0021385F /* LaunchScreen.storyboard in Resources */ = {isa = PBXBuildFile; fileRef = 351A728722F1964C0021385F /* LaunchScreen.storyboard */; };
		351A728C22F1964C0021385F /* main.m in Sources */ = {isa = PBXBuildFile; fileRef = 351A728B22F1964C0021385F /* main.m */; };
		351A729422F197B90021385F /* MainViewController.m in Sources */ = {isa = PBXBuildFile; fileRef = 351A729322F197B90021385F /* MainViewController.m */; };
		3554588222F7BAEB00EB557B /* LFDataInfo.m in Sources */ = {isa = PBXBuildFile; fileRef = 3554588122F7BAEB00EB557B /* LFDataInfo.m */; };
		3554588622F7BD5E00EB557B /* LFDataMigrater.m in Sources */ = {isa = PBXBuildFile; fileRef = 3554588522F7BD5E00EB557B /* LFDataMigrater.m */; };
/* End PBXBuildFile section */

/* Begin PBXFileReference section */
		3509729E22F9673E00ECDFBC /* NSError+LFDataMigrater.h */ = {isa = PBXFileReference; lastKnownFileType = sourcecode.c.h; path = "NSError+LFDataMigrater.h"; sourceTree = "<group>"; };
		3509729F22F9673E00ECDFBC /* NSError+LFDataMigrater.m */ = {isa = PBXFileReference; lastKnownFileType = sourcecode.c.objc; path = "NSError+LFDataMigrater.m"; sourceTree = "<group>"; };
		351A727622F1964A0021385F /* LFDataMigraterDemo.app */ = {isa = PBXFileReference; explicitFileType = wrapper.application; includeInIndex = 0; path = LFDataMigraterDemo.app; sourceTree = BUILT_PRODUCTS_DIR; };
		351A727922F1964A0021385F /* AppDelegate.h */ = {isa = PBXFileReference; lastKnownFileType = sourcecode.c.h; path = AppDelegate.h; sourceTree = "<group>"; };
		351A727A22F1964A0021385F /* AppDelegate.m */ = {isa = PBXFileReference; lastKnownFileType = sourcecode.c.objc; path = AppDelegate.m; sourceTree = "<group>"; };
		351A727C22F1964A0021385F /* SceneDelegate.h */ = {isa = PBXFileReference; lastKnownFileType = sourcecode.c.h; path = SceneDelegate.h; sourceTree = "<group>"; };
		351A727D22F1964A0021385F /* SceneDelegate.m */ = {isa = PBXFileReference; lastKnownFileType = sourcecode.c.objc; path = SceneDelegate.m; sourceTree = "<group>"; };
		351A728522F1964C0021385F /* Assets.xcassets */ = {isa = PBXFileReference; lastKnownFileType = folder.assetcatalog; path = Assets.xcassets; sourceTree = "<group>"; };
		351A728822F1964C0021385F /* Base */ = {isa = PBXFileReference; lastKnownFileType = file.storyboard; name = Base; path = Base.lproj/LaunchScreen.storyboard; sourceTree = "<group>"; };
		351A728A22F1964C0021385F /* Info.plist */ = {isa = PBXFileReference; lastKnownFileType = text.plist.xml; path = Info.plist; sourceTree = "<group>"; };
		351A728B22F1964C0021385F /* main.m */ = {isa = PBXFileReference; lastKnownFileType = sourcecode.c.objc; path = main.m; sourceTree = "<group>"; };
		351A729222F197B90021385F /* MainViewController.h */ = {isa = PBXFileReference; lastKnownFileType = sourcecode.c.h; path = MainViewController.h; sourceTree = "<group>"; };
		351A729322F197B90021385F /* MainViewController.m */ = {isa = PBXFileReference; lastKnownFileType = sourcecode.c.objc; path = MainViewController.m; sourceTree = "<group>"; };
		3554588022F7BAEB00EB557B /* LFDataInfo.h */ = {isa = PBXFileReference; lastKnownFileType = sourcecode.c.h; path = LFDataInfo.h; sourceTree = "<group>"; };
		3554588122F7BAEB00EB557B /* LFDataInfo.m */ = {isa = PBXFileReference; lastKnownFileType = sourcecode.c.objc; path = LFDataInfo.m; sourceTree = "<group>"; };
		3554588422F7BD5E00EB557B /* LFDataMigrater.h */ = {isa = PBXFileReference; lastKnownFileType = sourcecode.c.h; path = LFDataMigrater.h; sourceTree = "<group>"; };
		3554588522F7BD5E00EB557B /* LFDataMigrater.m */ = {isa = PBXFileReference; lastKnownFileType = sourcecode.c.objc; path = LFDataMigrater.m; sourceTree = "<group>"; };
/* End PBXFileReference section */

/* Begin PBXFrameworksBuildPhase section */
		351A727322F1964A0021385F /* Frameworks */ = {
			isa = PBXFrameworksBuildPhase;
			buildActionMask = 2147483647;
			files = (
			);
			runOnlyForDeploymentPostprocessing = 0;
		};
/* End PBXFrameworksBuildPhase section */

/* Begin PBXGroup section */
		351A726D22F1964A0021385F = {
			isa = PBXGroup;
			children = (
				351A727822F1964A0021385F /* LFDataMigraterDemo */,
				351A727722F1964A0021385F /* Products */,
			);
			sourceTree = "<group>";
		};
		351A727722F1964A0021385F /* Products */ = {
			isa = PBXGroup;
			children = (
				351A727622F1964A0021385F /* LFDataMigraterDemo.app */,
			);
			name = Products;
			sourceTree = "<group>";
		};
		351A727822F1964A0021385F /* LFDataMigraterDemo */ = {
			isa = PBXGroup;
			children = (
				351A727922F1964A0021385F /* AppDelegate.h */,
				351A727A22F1964A0021385F /* AppDelegate.m */,
				351A727C22F1964A0021385F /* SceneDelegate.h */,
				351A727D22F1964A0021385F /* SceneDelegate.m */,
				351A729222F197B90021385F /* MainViewController.h */,
				351A729322F197B90021385F /* MainViewController.m */,
				3554588322F7BAF300EB557B /* LFDataMirgater */,
				351A728522F1964C0021385F /* Assets.xcassets */,
				351A728722F1964C0021385F /* LaunchScreen.storyboard */,
				351A728A22F1964C0021385F /* Info.plist */,
				351A728B22F1964C0021385F /* main.m */,
			);
			path = LFDataMigraterDemo;
			sourceTree = "<group>";
		};
		3554588322F7BAF300EB557B /* LFDataMirgater */ = {
			isa = PBXGroup;
			children = (
				3554588022F7BAEB00EB557B /* LFDataInfo.h */,
				3554588122F7BAEB00EB557B /* LFDataInfo.m */,
				3554588422F7BD5E00EB557B /* LFDataMigrater.h */,
				3554588522F7BD5E00EB557B /* LFDataMigrater.m */,
				3509729E22F9673E00ECDFBC /* NSError+LFDataMigrater.h */,
				3509729F22F9673E00ECDFBC /* NSError+LFDataMigrater.m */,
			);
			path = LFDataMirgater;
			sourceTree = "<group>";
		};
/* End PBXGroup section */

/* Begin PBXNativeTarget section */
		351A727522F1964A0021385F /* LFDataMigraterDemo */ = {
			isa = PBXNativeTarget;
			buildConfigurationList = 351A728F22F1964C0021385F /* Build configuration list for PBXNativeTarget "LFDataMigraterDemo" */;
			buildPhases = (
				351A727222F1964A0021385F /* Sources */,
				351A727322F1964A0021385F /* Frameworks */,
				351A727422F1964A0021385F /* Resources */,
			);
			buildRules = (
			);
			dependencies = (
			);
			name = LFDataMigraterDemo;
			productName = LFDataMigraterDemo;
			productReference = 351A727622F1964A0021385F /* LFDataMigraterDemo.app */;
			productType = "com.apple.product-type.application";
		};
/* End PBXNativeTarget section */

/* Begin PBXProject section */
		351A726E22F1964A0021385F /* Project object */ = {
			isa = PBXProject;
			attributes = {
				LastUpgradeCheck = 1100;
				ORGANIZATIONNAME = LeonDeng;
				TargetAttributes = {
					351A727522F1964A0021385F = {
						CreatedOnToolsVersion = 11.0;
					};
				};
			};
			buildConfigurationList = 351A727122F1964A0021385F /* Build configuration list for PBXProject "LFDataMigraterDemo" */;
			compatibilityVersion = "Xcode 9.3";
			developmentRegion = en;
			hasScannedForEncodings = 0;
			knownRegions = (
				en,
				Base,
			);
			mainGroup = 351A726D22F1964A0021385F;
			productRefGroup = 351A727722F1964A0021385F /* Products */;
			projectDirPath = "";
			projectRoot = "";
			targets = (
				351A727522F1964A0021385F /* LFDataMigraterDemo */,
			);
		};
/* End PBXProject section */

/* Begin PBXResourcesBuildPhase section */
		351A727422F1964A0021385F /* Resources */ = {
			isa = PBXResourcesBuildPhase;
			buildActionMask = 2147483647;
			files = (
				351A728922F1964C0021385F /* LaunchScreen.storyboard in Resources */,
				351A728622F1964C0021385F /* Assets.xcassets in Resources */,
			);
			runOnlyForDeploymentPostprocessing = 0;
		};
/* End PBXResourcesBuildPhase section */

/* Begin PBXSourcesBuildPhase section */
		351A727222F1964A0021385F /* Sources */ = {
			isa = PBXSourcesBuildPhase;
			buildActionMask = 2147483647;
			files = (
				351A727B22F1964A0021385F /* AppDelegate.m in Sources */,
				351A728C22F1964C0021385F /* main.m in Sources */,
				3554588622F7BD5E00EB557B /* LFDataMigrater.m in Sources */,
				3554588222F7BAEB00EB557B /* LFDataInfo.m in Sources */,
				351A727E22F1964A0021385F /* SceneDelegate.m in Sources */,
				351A729422F197B90021385F /* MainViewController.m in Sources */,
				350972A022F9673E00ECDFBC /* NSError+LFDataMigrater.m in Sources */,
			);
			runOnlyForDeploymentPostprocessing = 0;
		};
/* End PBXSourcesBuildPhase section */

/* Begin PBXVariantGroup section */
		351A728722F1964C0021385F /* LaunchScreen.storyboard */ = {
			isa = PBXVariantGroup;
			children = (
				351A728822F1964C0021385F /* Base */,
			);
			name = LaunchScreen.storyboard;
			sourceTree = "<group>";
		};
/* End PBXVariantGroup section */

/* Begin XCBuildConfiguration section */
		351A728D22F1964C0021385F /* Debug */ = {
			isa = XCBuildConfiguration;
			buildSettings = {
				ALWAYS_SEARCH_USER_PATHS = NO;
				CLANG_ANALYZER_NONNULL = YES;
				CLANG_ANALYZER_NUMBER_OBJECT_CONVERSION = YES_AGGRESSIVE;
				CLANG_CXX_LANGUAGE_STANDARD = "gnu++14";
				CLANG_CXX_LIBRARY = "libc++";
				CLANG_ENABLE_MODULES = YES;
				CLANG_ENABLE_OBJC_ARC = YES;
				CLANG_ENABLE_OBJC_WEAK = YES;
				CLANG_WARN_BLOCK_CAPTURE_AUTORELEASING = YES;
				CLANG_WARN_BOOL_CONVERSION = YES;
				CLANG_WARN_COMMA = YES;
				CLANG_WARN_CONSTANT_CONVERSION = YES;
				CLANG_WARN_DEPRECATED_OBJC_IMPLEMENTATIONS = YES;
				CLANG_WARN_DIRECT_OBJC_ISA_USAGE = YES_ERROR;
				CLANG_WARN_DOCUMENTATION_COMMENTS = YES;
				CLANG_WARN_EMPTY_BODY = YES;
				CLANG_WARN_ENUM_CONVERSION = YES;
				CLANG_WARN_INFINITE_RECURSION = YES;
				CLANG_WARN_INT_CONVERSION = YES;
				CLANG_WARN_NON_LITERAL_NULL_CONVERSION = YES;
				CLANG_WARN_OBJC_IMPLICIT_RETAIN_SELF = YES;
				CLANG_WARN_OBJC_LITERAL_CONVERSION = YES;
				CLANG_WARN_OBJC_ROOT_CLASS = YES_ERROR;
				CLANG_WARN_RANGE_LOOP_ANALYSIS = YES;
				CLANG_WARN_STRICT_PROTOTYPES = YES;
				CLANG_WARN_SUSPICIOUS_MOVE = YES;
				CLANG_WARN_UNGUARDED_AVAILABILITY = YES_AGGRESSIVE;
				CLANG_WARN_UNREACHABLE_CODE = YES;
				CLANG_WARN__DUPLICATE_METHOD_MATCH = YES;
				COPY_PHASE_STRIP = NO;
				DEBUG_INFORMATION_FORMAT = dwarf;
				ENABLE_STRICT_OBJC_MSGSEND = YES;
				ENABLE_TESTABILITY = YES;
				GCC_C_LANGUAGE_STANDARD = gnu11;
				GCC_DYNAMIC_NO_PIC = NO;
				GCC_NO_COMMON_BLOCKS = YES;
				GCC_OPTIMIZATION_LEVEL = 0;
				GCC_PREPROCESSOR_DEFINITIONS = (
					"DEBUG=1",
					"$(inherited)",
				);
				GCC_WARN_64_TO_32_BIT_CONVERSION = YES;
				GCC_WARN_ABOUT_RETURN_TYPE = YES_ERROR;
				GCC_WARN_UNDECLARED_SELECTOR = YES;
				GCC_WARN_UNINITIALIZED_AUTOS = YES_AGGRESSIVE;
				GCC_WARN_UNUSED_FUNCTION = YES;
				GCC_WARN_UNUSED_VARIABLE = YES;
				IPHONEOS_DEPLOYMENT_TARGET = 13.0;
				MTL_ENABLE_DEBUG_INFO = INCLUDE_SOURCE;
				MTL_FAST_MATH = YES;
				ONLY_ACTIVE_ARCH = YES;
				SDKROOT = iphoneos;
			};
			name = Debug;
		};
		351A728E22F1964C0021385F /* Release */ = {
			isa = XCBuildConfiguration;
			buildSettings = {
				ALWAYS_SEARCH_USER_PATHS = NO;
				CLANG_ANALYZER_NONNULL = YES;
				CLANG_ANALYZER_NUMBER_OBJECT_CONVERSION = YES_AGGRESSIVE;
				CLANG_CXX_LANGUAGE_STANDARD = "gnu++14";
				CLANG_CXX_LIBRARY = "libc++";
				CLANG_ENABLE_MODULES = YES;
				CLANG_ENABLE_OBJC_ARC = YES;
				CLANG_ENABLE_OBJC_WEAK = YES;
				CLANG_WARN_BLOCK_CAPTURE_AUTORELEASING = YES;
				CLANG_WARN_BOOL_CONVERSION = YES;
				CLANG_WARN_COMMA = YES;
				CLANG_WARN_CONSTANT_CONVERSION = YES;
				CLANG_WARN_DEPRECATED_OBJC_IMPLEMENTATIONS = YES;
				CLANG_WARN_DIRECT_OBJC_ISA_USAGE = YES_ERROR;
				CLANG_WARN_DOCUMENTATION_COMMENTS = YES;
				CLANG_WARN_EMPTY_BODY = YES;
				CLANG_WARN_ENUM_CONVERSION = YES;
				CLANG_WARN_INFINITE_RECURSION = YES;
				CLANG_WARN_INT_CONVERSION = YES;
				CLANG_WARN_NON_LITERAL_NULL_CONVERSION = YES;
				CLANG_WARN_OBJC_IMPLICIT_RETAIN_SELF = YES;
				CLANG_WARN_OBJC_LITERAL_CONVERSION = YES;
				CLANG_WARN_OBJC_ROOT_CLASS = YES_ERROR;
				CLANG_WARN_RANGE_LOOP_ANALYSIS = YES;
				CLANG_WARN_STRICT_PROTOTYPES = YES;
				CLANG_WARN_SUSPICIOUS_MOVE = YES;
				CLANG_WARN_UNGUARDED_AVAILABILITY = YES_AGGRESSIVE;
				CLANG_WARN_UNREACHABLE_CODE = YES;
				CLANG_WARN__DUPLICATE_METHOD_MATCH = YES;
				COPY_PHASE_STRIP = NO;
				DEBUG_INFORMATION_FORMAT = "dwarf-with-dsym";
				ENABLE_NS_ASSERTIONS = NO;
				ENABLE_STRICT_OBJC_MSGSEND = YES;
				GCC_C_LANGUAGE_STANDARD = gnu11;
				GCC_NO_COMMON_BLOCKS = YES;
				GCC_WARN_64_TO_32_BIT_CONVERSION = YES;
				GCC_WARN_ABOUT_RETURN_TYPE = YES_ERROR;
				GCC_WARN_UNDECLARED_SELECTOR = YES;
				GCC_WARN_UNINITIALIZED_AUTOS = YES_AGGRESSIVE;
				GCC_WARN_UNUSED_FUNCTION = YES;
				GCC_WARN_UNUSED_VARIABLE = YES;
				IPHONEOS_DEPLOYMENT_TARGET = 13.0;
				MTL_ENABLE_DEBUG_INFO = NO;
				MTL_FAST_MATH = YES;
				SDKROOT = iphoneos;
				VALIDATE_PRODUCT = YES;
			};
			name = Release;
		};
		351A729022F1964C0021385F /* Debug */ = {
			isa = XCBuildConfiguration;
			buildSettings = {
				ASSETCATALOG_COMPILER_APPICON_NAME = AppIcon;
				CODE_SIGN_STYLE = Automatic;
				DEVELOPMENT_TEAM = VSH7W5Y66V;
				INFOPLIST_FILE = LFDataMigraterDemo/Info.plist;
				IPHONEOS_DEPLOYMENT_TARGET = 10.3;
				LD_RUNPATH_SEARCH_PATHS = (
					"$(inherited)",
					"@executable_path/Frameworks",
				);
				PRODUCT_BUNDLE_IDENTIFIER = com.GIthub.LFDataMigraterDemo;
				PRODUCT_NAME = "$(TARGET_NAME)";
				TARGETED_DEVICE_FAMILY = "1,2";
			};
			name = Debug;
		};
		351A729122F1964C0021385F /* Release */ = {
			isa = XCBuildConfiguration;
			buildSettings = {
				ASSETCATALOG_COMPILER_APPICON_NAME = AppIcon;
				CODE_SIGN_STYLE = Automatic;
				DEVELOPMENT_TEAM = VSH7W5Y66V;
				INFOPLIST_FILE = LFDataMigraterDemo/Info.plist;
				IPHONEOS_DEPLOYMENT_TARGET = 10.3;
				LD_RUNPATH_SEARCH_PATHS = (
					"$(inherited)",
					"@executable_path/Frameworks",
				);
				PRODUCT_BUNDLE_IDENTIFIER = com.GIthub.LFDataMigraterDemo;
				PRODUCT_NAME = "$(TARGET_NAME)";
				TARGETED_DEVICE_FAMILY = "1,2";
			};
			name = Release;
		};
/* End XCBuildConfiguration section */

/* Begin XCConfigurationList section */
		351A727122F1964A0021385F /* Build configuration list for PBXProject "LFDataMigraterDemo" */ = {
			isa = XCConfigurationList;
			buildConfigurations = (
				351A728D22F1964C0021385F /* Debug */,
				351A728E22F1964C0021385F /* Release */,
			);
			defaultConfigurationIsVisible = 0;
			defaultConfigurationName = Release;
		};
		351A728F22F1964C0021385F /* Build configuration list for PBXNativeTarget "LFDataMigraterDemo" */ = {
			isa = XCConfigurationList;
			buildConfigurations = (
				351A729022F1964C0021385F /* Debug */,
				351A729122F1964C0021385F /* Release */,
			);
			defaultConfigurationIsVisible = 0;
			defaultConfigurationName = Release;
		};
/* End XCConfigurationList section */
	};
	rootObject = 351A726E22F1964A0021385F /* Project object */;
}
